
Microsoft Visual Studio Solution File, Format Version 12.00
# Visual Studio Version 17
VisualStudioVersion = 17.6.33815.320
MinimumVisualStudioVersion = 10.0.40219.1
Project("{2150E333-8FDC-42A3-9474-1A3956D46DE8}") = "Engine", "Engine", "{5FE7E10B-B501-4E73-8E2B-C7E13DF4D216}"
EndProject
Project("{2150E333-8FDC-42A3-9474-1A3956D46DE8}") = "Game", "Game", "{3791ECC7-0B95-4295-8D28-5CDB9591083A}"
EndProject
Project("{8BC9CEB8-8B4A-11D0-8D11-00A0C91BC942}") = "Game", "Source\Game\Game\Game.vcxproj", "{263A328F-E0A4-428A-BB57-8EFDE6EE00B0}"
EndProject
Project("{8BC9CEB8-8B4A-11D0-8D11-00A0C91BC942}") = "Audio", "Source\Engine\Audio\Audio.vcxproj", "{8B2298D7-7F6F-409E-958D-76DC68ECCCB4}"
EndProject
Project("{8BC9CEB8-8B4A-11D0-8D11-00A0C91BC942}") = "Core", "Source\Engine\Core\Core.vcxproj", "{2E09A753-3084-4C98-A6B2-EAB18911A2F7}"
EndProject
Project("{8BC9CEB8-8B4A-11D0-8D11-00A0C91BC942}") = "Framework", "Source\Engine\Framework\Framework.vcxproj", "{27040062-9F14-4214-A6AB-C9052C8B8099}"
EndProject
Project("{8BC9CEB8-8B4A-11D0-8D11-00A0C91BC942}") = "Input", "Source\Engine\Input\Input.vcxproj", "{58098DDA-EDBF-4E52-B621-7AAC0629A24B}"
EndProject
Project("{8BC9CEB8-8B4A-11D0-8D11-00A0C91BC942}") = "Renderer", "Source\Engine\Renderer\Renderer.vcxproj", "{4BE687E9-0511-4690-92CC-9217A6B4A106}"
EndProject
Global
	GlobalSection(SolutionConfigurationPlatforms) = preSolution
		Debug|x64 = Debug|x64
		Debug|x86 = Debug|x86
		Release|x64 = Release|x64
		Release|x86 = Release|x86
	EndGlobalSection
	GlobalSection(ProjectConfigurationPlatforms) = postSolution
		{263A328F-E0A4-428A-BB57-8EFDE6EE00B0}.Debug|x64.ActiveCfg = Debug|x64
		{263A328F-E0A4-428A-BB57-8EFDE6EE00B0}.Debug|x64.Build.0 = Debug|x64
		{263A328F-E0A4-428A-BB57-8EFDE6EE00B0}.Debug|x86.ActiveCfg = Debug|Win32
		{263A328F-E0A4-428A-BB57-8EFDE6EE00B0}.Debug|x86.Build.0 = Debug|Win32
		{263A328F-E0A4-428A-BB57-8EFDE6EE00B0}.Release|x64.ActiveCfg = Release|x64
		{263A328F-E0A4-428A-BB57-8EFDE6EE00B0}.Release|x64.Build.0 = Release|x64
		{263A328F-E0A4-428A-BB57-8EFDE6EE00B0}.Release|x86.ActiveCfg = Release|Win32
		{263A328F-E0A4-428A-BB57-8EFDE6EE00B0}.Release|x86.Build.0 = Release|Win32
		{8B2298D7-7F6F-409E-958D-76DC68ECCCB4}.Debug|x64.ActiveCfg = Debug|x64
		{8B2298D7-7F6F-409E-958D-76DC68ECCCB4}.Debug|x64.Build.0 = Debug|x64
		{8B2298D7-7F6F-409E-958D-76DC68ECCCB4}.Debug|x86.ActiveCfg = Debug|Win32
		{8B2298D7-7F6F-409E-958D-76DC68ECCCB4}.Debug|x86.Build.0 = Debug|Win32
		{8B2298D7-7F6F-409E-958D-76DC68ECCCB4}.Release|x64.ActiveCfg = Release|x64
		{8B2298D7-7F6F-409E-958D-76DC68ECCCB4}.Release|x64.Build.0 = Release|x64
		{8B2298D7-7F6F-409E-958D-76DC68ECCCB4}.Release|x86.ActiveCfg = Release|Win32
		{8B2298D7-7F6F-409E-958D-76DC68ECCCB4}.Release|x86.Build.0 = Release|Win32
		{2E09A753-3084-4C98-A6B2-EAB18911A2F7}.Debug|x64.ActiveCfg = Debug|x64
		{2E09A753-3084-4C98-A6B2-EAB18911A2F7}.Debug|x64.Build.0 = Debug|x64
		{2E09A753-3084-4C98-A6B2-EAB18911A2F7}.Debug|x86.ActiveCfg = Debug|Win32
		{2E09A753-3084-4C98-A6B2-EAB18911A2F7}.Debug|x86.Build.0 = Debug|Win32
		{2E09A753-3084-4C98-A6B2-EAB18911A2F7}.Release|x64.ActiveCfg = Release|x64
		{2E09A753-3084-4C98-A6B2-EAB18911A2F7}.Release|x64.Build.0 = Release|x64
		{2E09A753-3084-4C98-A6B2-EAB18911A2F7}.Release|x86.ActiveCfg = Release|Win32
		{2E09A753-3084-4C98-A6B2-EAB18911A2F7}.Release|x86.Build.0 = Release|Win32
		{27040062-9F14-4214-A6AB-C9052C8B8099}.Debug|x64.ActiveCfg = Debug|x64
		{27040062-9F14-4214-A6AB-C9052C8B8099}.Debug|x64.Build.0 = Debug|x64
		{27040062-9F14-4214-A6AB-C9052C8B8099}.Debug|x86.ActiveCfg = Debug|Win32
		{27040062-9F14-4214-A6AB-C9052C8B8099}.Debug|x86.Build.0 = Debug|Win32
		{27040062-9F14-4214-A6AB-C9052C8B8099}.Release|x64.ActiveCfg = Release|x64
		{27040062-9F14-4214-A6AB-C9052C8B8099}.Release|x64.Build.0 = Release|x64
		{27040062-9F14-4214-A6AB-C9052C8B8099}.Release|x86.ActiveCfg = Release|Win32
		{27040062-9F14-4214-A6AB-C9052C8B8099}.Release|x86.Build.0 = Release|Win32
		{58098DDA-EDBF-4E52-B621-7AAC0629A24B}.Debug|x64.ActiveCfg = Debug|x64
		{58098DDA-EDBF-4E52-B621-7AAC0629A24B}.Debug|x64.Build.0 = Debug|x64
		{58098DDA-EDBF-4E52-B621-7AAC0629A24B}.Debug|x86.ActiveCfg = Debug|Win32
		{58098DDA-EDBF-4E52-B621-7AAC0629A24B}.Debug|x86.Build.0 = Debug|Win32
		{58098DDA-EDBF-4E52-B621-7AAC0629A24B}.Release|x64.ActiveCfg = Release|x64
		{58098DDA-EDBF-4E52-B621-7AAC0629A24B}.Release|x64.Build.0 = Release|x64
		{58098DDA-EDBF-4E52-B621-7AAC0629A24B}.Release|x86.ActiveCfg = Release|Win32
		{58098DDA-EDBF-4E52-B621-7AAC0629A24B}.Release|x86.Build.0 = Release|Win32
		{4BE687E9-0511-4690-92CC-9217A6B4A106}.Debug|x64.ActiveCfg = Debug|x64
		{4BE687E9-0511-4690-92CC-9217A6B4A106}.Debug|x64.Build.0 = Debug|x64
		{4BE687E9-0511-4690-92CC-9217A6B4A106}.Debug|x86.ActiveCfg = Debug|Win32
		{4BE687E9-0511-4690-92CC-9217A6B4A106}.Debug|x86.Build.0 = Debug|Win32
		{4BE687E9-0511-4690-92CC-9217A6B4A106}.Release|x64.ActiveCfg = Release|x64
		{4BE687E9-0511-4690-92CC-9217A6B4A106}.Release|x64.Build.0 = Release|x64
		{4BE687E9-0511-4690-92CC-9217A6B4A106}.Release|x86.ActiveCfg = Release|Win32
		{4BE687E9-0511-4690-92CC-9217A6B4A106}.Release|x86.Build.0 = Release|Win32
	EndGlobalSection
	GlobalSection(SolutionProperties) = preSolution
		HideSolutionNode = FALSE
	EndGlobalSection
	GlobalSection(NestedProjects) = preSolution
		{263A328F-E0A4-428A-BB57-8EFDE6EE00B0} = {3791ECC7-0B95-4295-8D28-5CDB9591083A}
		{8B2298D7-7F6F-409E-958D-76DC68ECCCB4} = {5FE7E10B-B501-4E73-8E2B-C7E13DF4D216}
		{2E09A753-3084-4C98-A6B2-EAB18911A2F7} = {5FE7E10B-B501-4E73-8E2B-C7E13DF4D216}
		{27040062-9F14-4214-A6AB-C9052C8B8099} = {5FE7E10B-B501-4E73-8E2B-C7E13DF4D216}
		{58098DDA-EDBF-4E52-B621-7AAC0629A24B} = {5FE7E10B-B501-4E73-8E2B-C7E13DF4D216}
		{4BE687E9-0511-4690-92CC-9217A6B4A106} = {5FE7E10B-B501-4E73-8E2B-C7E13DF4D216}
	EndGlobalSection
	GlobalSection(ExtensibilityGlobals) = postSolution
		SolutionGuid = {9A2BEC79-3E98-4FCE-B639-BBEF991D6DBC}
	EndGlobalSection
EndGlobal
